// !$*UTF8*$!
{
	archiveVersion = 1;
	classes = {
	};
	objectVersion = 50;
	objects = {

/* Begin PBXBuildFile section */
		8B378FD025E1597D00E99904 /* main.c in Sources */ = {isa = PBXBuildFile; fileRef = 8B378FCF25E1597D00E99904 /* main.c */; };
		8B378FD925E15A0800E99904 /* AES.c in Sources */ = {isa = PBXBuildFile; fileRef = 8B378FD825E15A0800E99904 /* AES.c */; };
		8B378FDD25E15A3A00E99904 /* AES_rp.c in Sources */ = {isa = PBXBuildFile; fileRef = 8B378FDC25E15A3A00E99904 /* AES_rp.c */; };
		8B378FE125E15A8300E99904 /* shares.c in Sources */ = {isa = PBXBuildFile; fileRef = 8B378FE025E15A8300E99904 /* shares.c */; };
		8B378FE525E15D0B00E99904 /* AES_shuffling.c in Sources */ = {isa = PBXBuildFile; fileRef = 8B378FE425E15D0B00E99904 /* AES_shuffling.c */; };
		8B378FE925E15D4C00E99904 /* sparse.c in Sources */ = {isa = PBXBuildFile; fileRef = 8B378FE825E15D4C00E99904 /* sparse.c */; };
/* End PBXBuildFile section */

/* Begin PBXCopyFilesBuildPhase section */
		8B378FCA25E1597D00E99904 /* CopyFiles */ = {
			isa = PBXCopyFilesBuildPhase;
			buildActionMask = 2147483647;
			dstPath = /usr/share/man/man1/;
			dstSubfolderSpec = 0;
			files = (
			);
			runOnlyForDeploymentPostprocessing = 1;
		};
/* End PBXCopyFilesBuildPhase section */

/* Begin PBXFileReference section */
		8B378FCC25E1597D00E99904 /* AES_shuffling */ = {isa = PBXFileReference; explicitFileType = "compiled.mach-o.executable"; includeInIndex = 0; path = AES_shuffling; sourceTree = BUILT_PRODUCTS_DIR; };
		8B378FCF25E1597D00E99904 /* main.c */ = {isa = PBXFileReference; lastKnownFileType = sourcecode.c.c; path = main.c; sourceTree = "<group>"; };
		8B378FD725E15A0800E99904 /* AES.h */ = {isa = PBXFileReference; lastKnownFileType = sourcecode.c.h; path = AES.h; sourceTree = "<group>"; };
		8B378FD825E15A0800E99904 /* AES.c */ = {isa = PBXFileReference; lastKnownFileType = sourcecode.c.c; path = AES.c; sourceTree = "<group>"; };
		8B378FDB25E15A3A00E99904 /* AES_rp.h */ = {isa = PBXFileReference; lastKnownFileType = sourcecode.c.h; path = AES_rp.h; sourceTree = "<group>"; };
		8B378FDC25E15A3A00E99904 /* AES_rp.c */ = {isa = PBXFileReference; lastKnownFileType = sourcecode.c.c; path = AES_rp.c; sourceTree = "<group>"; };
		8B378FDF25E15A8300E99904 /* shares.h */ = {isa = PBXFileReference; lastKnownFileType = sourcecode.c.h; path = shares.h; sourceTree = "<group>"; };
		8B378FE025E15A8300E99904 /* shares.c */ = {isa = PBXFileReference; lastKnownFileType = sourcecode.c.c; path = shares.c; sourceTree = "<group>"; };
		8B378FE325E15D0B00E99904 /* AES_shuffling.h */ = {isa = PBXFileReference; lastKnownFileType = sourcecode.c.h; path = AES_shuffling.h; sourceTree = "<group>"; };
		8B378FE425E15D0B00E99904 /* AES_shuffling.c */ = {isa = PBXFileReference; lastKnownFileType = sourcecode.c.c; path = AES_shuffling.c; sourceTree = "<group>"; };
		8B378FE725E15D4C00E99904 /* sparse.h */ = {isa = PBXFileReference; lastKnownFileType = sourcecode.c.h; path = sparse.h; sourceTree = "<group>"; };
		8B378FE825E15D4C00E99904 /* sparse.c */ = {isa = PBXFileReference; lastKnownFileType = sourcecode.c.c; path = sparse.c; sourceTree = "<group>"; };
/* End PBXFileReference section */

/* Begin PBXFrameworksBuildPhase section */
		8B378FC925E1597D00E99904 /* Frameworks */ = {
			isa = PBXFrameworksBuildPhase;
			buildActionMask = 2147483647;
			files = (
			);
			runOnlyForDeploymentPostprocessing = 0;
		};
/* End PBXFrameworksBuildPhase section */

/* Begin PBXGroup section */
		8B378FC325E1597D00E99904 = {
			isa = PBXGroup;
			children = (
				8B378FCE25E1597D00E99904 /* AES_shuffling */,
				8B378FCD25E1597D00E99904 /* Products */,
			);
			sourceTree = "<group>";
		};
		8B378FCD25E1597D00E99904 /* Products */ = {
			isa = PBXGroup;
			children = (
				8B378FCC25E1597D00E99904 /* AES_shuffling */,
			);
			name = Products;
			sourceTree = "<group>";
		};
		8B378FCE25E1597D00E99904 /* AES_shuffling */ = {
			isa = PBXGroup;
			children = (
				8B378FCF25E1597D00E99904 /* main.c */,
				8B378FD725E15A0800E99904 /* AES.h */,
				8B378FD825E15A0800E99904 /* AES.c */,
				8B378FDB25E15A3A00E99904 /* AES_rp.h */,
				8B378FDC25E15A3A00E99904 /* AES_rp.c */,
				8B378FDF25E15A8300E99904 /* shares.h */,
				8B378FE025E15A8300E99904 /* shares.c */,
				8B378FE325E15D0B00E99904 /* AES_shuffling.h */,
				8B378FE425E15D0B00E99904 /* AES_shuffling.c */,
				8B378FE725E15D4C00E99904 /* sparse.h */,
				8B378FE825E15D4C00E99904 /* sparse.c */,
			);
			path = AES_shuffling;
			sourceTree = "<group>";
		};
/* End PBXGroup section */

/* Begin PBXNativeTarget section */
		8B378FCB25E1597D00E99904 /* AES_shuffling */ = {
			isa = PBXNativeTarget;
			buildConfigurationList = 8B378FD325E1597D00E99904 /* Build configuration list for PBXNativeTarget "AES_shuffling" */;
			buildPhases = (
				8B378FC825E1597D00E99904 /* Sources */,
				8B378FC925E1597D00E99904 /* Frameworks */,
				8B378FCA25E1597D00E99904 /* CopyFiles */,
			);
			buildRules = (
			);
			dependencies = (
			);
			name = AES_shuffling;
			productName = AES_shuffling;
			productReference = 8B378FCC25E1597D00E99904 /* AES_shuffling */;
			productType = "com.apple.product-type.tool";
		};
/* End PBXNativeTarget section */

/* Begin PBXProject section */
		8B378FC425E1597D00E99904 /* Project object */ = {
			isa = PBXProject;
			attributes = {
				LastUpgradeCheck = 1240;
				TargetAttributes = {
					8B378FCB25E1597D00E99904 = {
						CreatedOnToolsVersion = 12.4;
					};
				};
			};
			buildConfigurationList = 8B378FC725E1597D00E99904 /* Build configuration list for PBXProject "AES_shuffling" */;
			compatibilityVersion = "Xcode 9.3";
			developmentRegion = en;
			hasScannedForEncodings = 0;
			knownRegions = (
				en,
				Base,
			);
			mainGroup = 8B378FC325E1597D00E99904;
			productRefGroup = 8B378FCD25E1597D00E99904 /* Products */;
			projectDirPath = "";
			projectRoot = "";
			targets = (
				8B378FCB25E1597D00E99904 /* AES_shuffling */,
			);
		};
/* End PBXProject section */

/* Begin PBXSourcesBuildPhase section */
		8B378FC825E1597D00E99904 /* Sources */ = {
			isa = PBXSourcesBuildPhase;
			buildActionMask = 2147483647;
			files = (
				8B378FD025E1597D00E99904 /* main.c in Sources */,
				8B378FE925E15D4C00E99904 /* sparse.c in Sources */,
				8B378FE525E15D0B00E99904 /* AES_shuffling.c in Sources */,
				8B378FD925E15A0800E99904 /* AES.c in Sources */,
				8B378FDD25E15A3A00E99904 /* AES_rp.c in Sources */,
				8B378FE125E15A8300E99904 /* shares.c in Sources */,
			);
			runOnlyForDeploymentPostprocessing = 0;
		};
/* End PBXSourcesBuildPhase section */

/* Begin XCBuildConfiguration section */
		8B378FD125E1597D00E99904 /* Debug */ = {
			isa = XCBuildConfiguration;
			buildSettings = {
				ALWAYS_SEARCH_USER_PATHS = NO;
				CLANG_ANALYZER_NONNULL = YES;
				CLANG_ANALYZER_NUMBER_OBJECT_CONVERSION = YES_AGGRESSIVE;
				CLANG_CXX_LANGUAGE_STANDARD = "gnu++14";
				CLANG_CXX_LIBRARY = "libc++";
				CLANG_ENABLE_MODULES = YES;
				CLANG_ENABLE_OBJC_ARC = YES;
				CLANG_ENABLE_OBJC_WEAK = YES;
				CLANG_WARN_BLOCK_CAPTURE_AUTORELEASING = YES;
				CLANG_WARN_BOOL_CONVERSION = YES;
				CLANG_WARN_COMMA = YES;
				CLANG_WARN_CONSTANT_CONVERSION = YES;
				CLANG_WARN_DEPRECATED_OBJC_IMPLEMENTATIONS = YES;
				CLANG_WARN_DIRECT_OBJC_ISA_USAGE = YES_ERROR;
				CLANG_WARN_DOCUMENTATION_COMMENTS = YES;
				CLANG_WARN_EMPTY_BODY = YES;
				CLANG_WARN_ENUM_CONVERSION = YES;
				CLANG_WARN_INFINITE_RECURSION = YES;
				CLANG_WARN_INT_CONVERSION = YES;
				CLANG_WARN_NON_LITERAL_NULL_CONVERSION = YES;
				CLANG_WARN_OBJC_IMPLICIT_RETAIN_SELF = YES;
				CLANG_WARN_OBJC_LITERAL_CONVERSION = YES;
				CLANG_WARN_OBJC_ROOT_CLASS = YES_ERROR;
				CLANG_WARN_QUOTED_INCLUDE_IN_FRAMEWORK_HEADER = YES;
				CLANG_WARN_RANGE_LOOP_ANALYSIS = YES;
				CLANG_WARN_STRICT_PROTOTYPES = YES;
				CLANG_WARN_SUSPICIOUS_MOVE = YES;
				CLANG_WARN_UNGUARDED_AVAILABILITY = YES_AGGRESSIVE;
				CLANG_WARN_UNREACHABLE_CODE = YES;
				CLANG_WARN__DUPLICATE_METHOD_MATCH = YES;
				COPY_PHASE_STRIP = NO;
				DEBUG_INFORMATION_FORMAT = dwarf;
				ENABLE_STRICT_OBJC_MSGSEND = YES;
				ENABLE_TESTABILITY = YES;
				GCC_C_LANGUAGE_STANDARD = gnu11;
				GCC_DYNAMIC_NO_PIC = NO;
				GCC_NO_COMMON_BLOCKS = YES;
				GCC_OPTIMIZATION_LEVEL = 0;
				GCC_PREPROCESSOR_DEFINITIONS = (
					"DEBUG=1",
					"$(inherited)",
				);
				GCC_WARN_64_TO_32_BIT_CONVERSION = YES;
				GCC_WARN_ABOUT_RETURN_TYPE = YES_ERROR;
				GCC_WARN_UNDECLARED_SELECTOR = YES;
				GCC_WARN_UNINITIALIZED_AUTOS = YES_AGGRESSIVE;
				GCC_WARN_UNUSED_FUNCTION = YES;
				GCC_WARN_UNUSED_VARIABLE = YES;
				MACOSX_DEPLOYMENT_TARGET = 11.1;
				MTL_ENABLE_DEBUG_INFO = INCLUDE_SOURCE;
				MTL_FAST_MATH = YES;
				ONLY_ACTIVE_ARCH = YES;
				SDKROOT = macosx;
			};
			name = Debug;
		};
		8B378FD225E1597D00E99904 /* Release */ = {
			isa = XCBuildConfiguration;
			buildSettings = {
				ALWAYS_SEARCH_USER_PATHS = NO;
				CLANG_ANALYZER_NONNULL = YES;
				CLANG_ANALYZER_NUMBER_OBJECT_CONVERSION = YES_AGGRESSIVE;
				CLANG_CXX_LANGUAGE_STANDARD = "gnu++14";
				CLANG_CXX_LIBRARY = "libc++";
				CLANG_ENABLE_MODULES = YES;
				CLANG_ENABLE_OBJC_ARC = YES;
				CLANG_ENABLE_OBJC_WEAK = YES;
				CLANG_WARN_BLOCK_CAPTURE_AUTORELEASING = YES;
				CLANG_WARN_BOOL_CONVERSION = YES;
				CLANG_WARN_COMMA = YES;
				CLANG_WARN_CONSTANT_CONVERSION = YES;
				CLANG_WARN_DEPRECATED_OBJC_IMPLEMENTATIONS = YES;
				CLANG_WARN_DIRECT_OBJC_ISA_USAGE = YES_ERROR;
				CLANG_WARN_DOCUMENTATION_COMMENTS = YES;
				CLANG_WARN_EMPTY_BODY = YES;
				CLANG_WARN_ENUM_CONVERSION = YES;
				CLANG_WARN_INFINITE_RECURSION = YES;
				CLANG_WARN_INT_CONVERSION = YES;
				CLANG_WARN_NON_LITERAL_NULL_CONVERSION = YES;
				CLANG_WARN_OBJC_IMPLICIT_RETAIN_SELF = YES;
				CLANG_WARN_OBJC_LITERAL_CONVERSION = YES;
				CLANG_WARN_OBJC_ROOT_CLASS = YES_ERROR;
				CLANG_WARN_QUOTED_INCLUDE_IN_FRAMEWORK_HEADER = YES;
				CLANG_WARN_RANGE_LOOP_ANALYSIS = YES;
				CLANG_WARN_STRICT_PROTOTYPES = YES;
				CLANG_WARN_SUSPICIOUS_MOVE = YES;
				CLANG_WARN_UNGUARDED_AVAILABILITY = YES_AGGRESSIVE;
				CLANG_WARN_UNREACHABLE_CODE = YES;
				CLANG_WARN__DUPLICATE_METHOD_MATCH = YES;
				COPY_PHASE_STRIP = NO;
				DEBUG_INFORMATION_FORMAT = "dwarf-with-dsym";
				ENABLE_NS_ASSERTIONS = NO;
				ENABLE_STRICT_OBJC_MSGSEND = YES;
				GCC_C_LANGUAGE_STANDARD = gnu11;
				GCC_NO_COMMON_BLOCKS = YES;
				GCC_WARN_64_TO_32_BIT_CONVERSION = YES;
				GCC_WARN_ABOUT_RETURN_TYPE = YES_ERROR;
				GCC_WARN_UNDECLARED_SELECTOR = YES;
				GCC_WARN_UNINITIALIZED_AUTOS = YES_AGGRESSIVE;
				GCC_WARN_UNUSED_FUNCTION = YES;
				GCC_WARN_UNUSED_VARIABLE = YES;
				MACOSX_DEPLOYMENT_TARGET = 11.1;
				MTL_ENABLE_DEBUG_INFO = NO;
				MTL_FAST_MATH = YES;
				SDKROOT = macosx;
			};
			name = Release;
		};
		8B378FD425E1597D00E99904 /* Debug */ = {
			isa = XCBuildConfiguration;
			buildSettings = {
				CODE_SIGN_STYLE = Automatic;
				DEVELOPMENT_TEAM = WRCB4738KR;
				ENABLE_HARDENED_RUNTIME = YES;
				PRODUCT_NAME = "$(TARGET_NAME)";
			};
			name = Debug;
		};
		8B378FD525E1597D00E99904 /* Release */ = {
			isa = XCBuildConfiguration;
			buildSettings = {
				CODE_SIGN_STYLE = Automatic;
				DEVELOPMENT_TEAM = WRCB4738KR;
				ENABLE_HARDENED_RUNTIME = YES;
				PRODUCT_NAME = "$(TARGET_NAME)";
			};
			name = Release;
		};
/* End XCBuildConfiguration section */

/* Begin XCConfigurationList section */
		8B378FC725E1597D00E99904 /* Build configuration list for PBXProject "AES_shuffling" */ = {
			isa = XCConfigurationList;
			buildConfigurations = (
				8B378FD125E1597D00E99904 /* Debug */,
				8B378FD225E1597D00E99904 /* Release */,
			);
			defaultConfigurationIsVisible = 0;
			defaultConfigurationName = Release;
		};
		8B378FD325E1597D00E99904 /* Build configuration list for PBXNativeTarget "AES_shuffling" */ = {
			isa = XCConfigurationList;
			buildConfigurations = (
				8B378FD425E1597D00E99904 /* Debug */,
				8B378FD525E1597D00E99904 /* Release */,
			);
			defaultConfigurationIsVisible = 0;
			defaultConfigurationName = Release;
		};
/* End XCConfigurationList section */
	};
	rootObject = 8B378FC425E1597D00E99904 /* Project object */;
}
